// !$*UTF8*$!
{
	archiveVersion = 1;
	classes = {
	};
	objectVersion = 46;
	objects = {

/* Begin PBXBuildFile section */
		50D7B069196ED3E800A70A25 /* AppDelegate.swift in Sources */ = {isa = PBXBuildFile; fileRef = 50D7B068196ED3E800A70A25 /* AppDelegate.swift */; };
		50D7B06E196ED3E800A70A25 /* ViewController.swift in Sources */ = {isa = PBXBuildFile; fileRef = 50D7B06D196ED3E800A70A25 /* ViewController.swift */; };
		50D7B071196ED3E800A70A25 /* Main.storyboard in Resources */ = {isa = PBXBuildFile; fileRef = 50D7B06F196ED3E800A70A25 /* Main.storyboard */; };
		50D7B073196ED3E800A70A25 /* Images.xcassets in Resources */ = {isa = PBXBuildFile; fileRef = 50D7B072196ED3E800A70A25 /* Images.xcassets */; };
		50D7B07F196ED3E900A70A25 /* BMXKeyboardStatusTestTests.swift in Sources */ = {isa = PBXBuildFile; fileRef = 50D7B07E196ED3E900A70A25 /* BMXKeyboardStatusTestTests.swift */; };
		50F51BAE196EE6A500B9C027 /* BMXKeyboardStatus.framework in Frameworks */ = {isa = PBXBuildFile; fileRef = 50F51BAD196EE6A500B9C027 /* BMXKeyboardStatus.framework */; };
/* End PBXBuildFile section */

/* Begin PBXContainerItemProxy section */
		50D7B079196ED3E900A70A25 /* PBXContainerItemProxy */ = {
			isa = PBXContainerItemProxy;
			containerPortal = 50D7B05B196ED3E800A70A25 /* Project object */;
			proxyType = 1;
			remoteGlobalIDString = 50D7B062196ED3E800A70A25;
			remoteInfo = BMXKeyboardStatusTest;
		};
/* End PBXContainerItemProxy section */

/* Begin PBXFileReference section */
		50D7B063196ED3E800A70A25 /* BMXKeyboardStatusTest.app */ = {isa = PBXFileReference; explicitFileType = wrapper.application; includeInIndex = 0; path = BMXKeyboardStatusTest.app; sourceTree = BUILT_PRODUCTS_DIR; };
		50D7B067196ED3E800A70A25 /* Info.plist */ = {isa = PBXFileReference; lastKnownFileType = text.plist.xml; path = Info.plist; sourceTree = "<group>"; };
		50D7B068196ED3E800A70A25 /* AppDelegate.swift */ = {isa = PBXFileReference; lastKnownFileType = sourcecode.swift; path = AppDelegate.swift; sourceTree = "<group>"; };
		50D7B06D196ED3E800A70A25 /* ViewController.swift */ = {isa = PBXFileReference; lastKnownFileType = sourcecode.swift; path = ViewController.swift; sourceTree = "<group>"; };
		50D7B070196ED3E800A70A25 /* Base */ = {isa = PBXFileReference; lastKnownFileType = file.storyboard; name = Base; path = Base.lproj/Main.storyboard; sourceTree = "<group>"; };
		50D7B072196ED3E800A70A25 /* Images.xcassets */ = {isa = PBXFileReference; lastKnownFileType = folder.assetcatalog; path = Images.xcassets; sourceTree = "<group>"; };
		50D7B078196ED3E900A70A25 /* BMXKeyboardStatusTestTests.xctest */ = {isa = PBXFileReference; explicitFileType = wrapper.cfbundle; includeInIndex = 0; path = BMXKeyboardStatusTestTests.xctest; sourceTree = BUILT_PRODUCTS_DIR; };
		50D7B07D196ED3E900A70A25 /* Info.plist */ = {isa = PBXFileReference; lastKnownFileType = text.plist.xml; path = Info.plist; sourceTree = "<group>"; };
		50D7B07E196ED3E900A70A25 /* BMXKeyboardStatusTestTests.swift */ = {isa = PBXFileReference; lastKnownFileType = sourcecode.swift; path = BMXKeyboardStatusTestTests.swift; sourceTree = "<group>"; };
		50F51BAD196EE6A500B9C027 /* BMXKeyboardStatus.framework */ = {isa = PBXFileReference; lastKnownFileType = wrapper.framework; name = BMXKeyboardStatus.framework; path = "../../../Progetti.xc/Build/Debug-iphoneos/BMXKeyboardStatus.framework"; sourceTree = "<group>"; };
/* End PBXFileReference section */

/* Begin PBXFrameworksBuildPhase section */
		50D7B060196ED3E800A70A25 /* Frameworks */ = {
			isa = PBXFrameworksBuildPhase;
			buildActionMask = 2147483647;
			files = (
				50F51BAE196EE6A500B9C027 /* BMXKeyboardStatus.framework in Frameworks */,
			);
			runOnlyForDeploymentPostprocessing = 0;
		};
		50D7B075196ED3E900A70A25 /* Frameworks */ = {
			isa = PBXFrameworksBuildPhase;
			buildActionMask = 2147483647;
			files = (
			);
			runOnlyForDeploymentPostprocessing = 0;
		};
/* End PBXFrameworksBuildPhase section */

/* Begin PBXGroup section */
		50D7B05A196ED3E800A70A25 = {
			isa = PBXGroup;
			children = (
				50F51BAD196EE6A500B9C027 /* BMXKeyboardStatus.framework */,
				50D7B065196ED3E800A70A25 /* BMXKeyboardStatusTest */,
				50D7B07B196ED3E900A70A25 /* BMXKeyboardStatusTestTests */,
				50D7B064196ED3E800A70A25 /* Products */,
			);
			sourceTree = "<group>";
		};
		50D7B064196ED3E800A70A25 /* Products */ = {
			isa = PBXGroup;
			children = (
				50D7B063196ED3E800A70A25 /* BMXKeyboardStatusTest.app */,
				50D7B078196ED3E900A70A25 /* BMXKeyboardStatusTestTests.xctest */,
			);
			name = Products;
			sourceTree = "<group>";
		};
		50D7B065196ED3E800A70A25 /* BMXKeyboardStatusTest */ = {
			isa = PBXGroup;
			children = (
				50D7B068196ED3E800A70A25 /* AppDelegate.swift */,
				50D7B06D196ED3E800A70A25 /* ViewController.swift */,
				50D7B06F196ED3E800A70A25 /* Main.storyboard */,
				50D7B072196ED3E800A70A25 /* Images.xcassets */,
				50D7B066196ED3E800A70A25 /* Supporting Files */,
			);
			path = BMXKeyboardStatusTest;
			sourceTree = "<group>";
		};
		50D7B066196ED3E800A70A25 /* Supporting Files */ = {
			isa = PBXGroup;
			children = (
				50D7B067196ED3E800A70A25 /* Info.plist */,
			);
			name = "Supporting Files";
			sourceTree = "<group>";
		};
		50D7B07B196ED3E900A70A25 /* BMXKeyboardStatusTestTests */ = {
			isa = PBXGroup;
			children = (
				50D7B07E196ED3E900A70A25 /* BMXKeyboardStatusTestTests.swift */,
				50D7B07C196ED3E900A70A25 /* Supporting Files */,
			);
			path = BMXKeyboardStatusTestTests;
			sourceTree = "<group>";
		};
		50D7B07C196ED3E900A70A25 /* Supporting Files */ = {
			isa = PBXGroup;
			children = (
				50D7B07D196ED3E900A70A25 /* Info.plist */,
			);
			name = "Supporting Files";
			sourceTree = "<group>";
		};
/* End PBXGroup section */

/* Begin PBXNativeTarget section */
		50D7B062196ED3E800A70A25 /* BMXKeyboardStatusTest */ = {
			isa = PBXNativeTarget;
			buildConfigurationList = 50D7B082196ED3E900A70A25 /* Build configuration list for PBXNativeTarget "BMXKeyboardStatusTest" */;
			buildPhases = (
				50D7B05F196ED3E800A70A25 /* Sources */,
				50D7B060196ED3E800A70A25 /* Frameworks */,
				50D7B061196ED3E800A70A25 /* Resources */,
			);
			buildRules = (
			);
			dependencies = (
			);
			name = BMXKeyboardStatusTest;
			productName = BMXKeyboardStatusTest;
			productReference = 50D7B063196ED3E800A70A25 /* BMXKeyboardStatusTest.app */;
			productType = "com.apple.product-type.application";
		};
		50D7B077196ED3E900A70A25 /* BMXKeyboardStatusTestTests */ = {
			isa = PBXNativeTarget;
			buildConfigurationList = 50D7B085196ED3E900A70A25 /* Build configuration list for PBXNativeTarget "BMXKeyboardStatusTestTests" */;
			buildPhases = (
				50D7B074196ED3E900A70A25 /* Sources */,
				50D7B075196ED3E900A70A25 /* Frameworks */,
				50D7B076196ED3E900A70A25 /* Resources */,
			);
			buildRules = (
			);
			dependencies = (
				50D7B07A196ED3E900A70A25 /* PBXTargetDependency */,
			);
			name = BMXKeyboardStatusTestTests;
			productName = BMXKeyboardStatusTestTests;
			productReference = 50D7B078196ED3E900A70A25 /* BMXKeyboardStatusTestTests.xctest */;
			productType = "com.apple.product-type.bundle.unit-test";
		};
/* End PBXNativeTarget section */

/* Begin PBXProject section */
		50D7B05B196ED3E800A70A25 /* Project object */ = {
			isa = PBXProject;
			attributes = {
				LastSwiftUpdateCheck = 0700;
				LastUpgradeCheck = 0700;
				ORGANIZATIONNAME = "Massimiliano Bigatti";
				TargetAttributes = {
					50D7B062196ED3E800A70A25 = {
						CreatedOnToolsVersion = 6.0;
					};
					50D7B077196ED3E900A70A25 = {
						CreatedOnToolsVersion = 6.0;
						TestTargetID = 50D7B062196ED3E800A70A25;
					};
				};
			};
			buildConfigurationList = 50D7B05E196ED3E800A70A25 /* Build configuration list for PBXProject "BMXKeyboardStatusTest" */;
			compatibilityVersion = "Xcode 3.2";
			developmentRegion = English;
			hasScannedForEncodings = 0;
			knownRegions = (
				en,
				Base,
			);
			mainGroup = 50D7B05A196ED3E800A70A25;
			productRefGroup = 50D7B064196ED3E800A70A25 /* Products */;
			projectDirPath = "";
			projectRoot = "";
			targets = (
				50D7B062196ED3E800A70A25 /* BMXKeyboardStatusTest */,
				50D7B077196ED3E900A70A25 /* BMXKeyboardStatusTestTests */,
			);
		};
/* End PBXProject section */

/* Begin PBXResourcesBuildPhase section */
		50D7B061196ED3E800A70A25 /* Resources */ = {
			isa = PBXResourcesBuildPhase;
			buildActionMask = 2147483647;
			files = (
				50D7B071196ED3E800A70A25 /* Main.storyboard in Resources */,
				50D7B073196ED3E800A70A25 /* Images.xcassets in Resources */,
			);
			runOnlyForDeploymentPostprocessing = 0;
		};
		50D7B076196ED3E900A70A25 /* Resources */ = {
			isa = PBXResourcesBuildPhase;
			buildActionMask = 2147483647;
			files = (
			);
			runOnlyForDeploymentPostprocessing = 0;
		};
/* End PBXResourcesBuildPhase section */

/* Begin PBXSourcesBuildPhase section */
		50D7B05F196ED3E800A70A25 /* Sources */ = {
			isa = PBXSourcesBuildPhase;
			buildActionMask = 2147483647;
			files = (
				50D7B06E196ED3E800A70A25 /* ViewController.swift in Sources */,
				50D7B069196ED3E800A70A25 /* AppDelegate.swift in Sources */,
			);
			runOnlyForDeploymentPostprocessing = 0;
		};
		50D7B074196ED3E900A70A25 /* Sources */ = {
			isa = PBXSourcesBuildPhase;
			buildActionMask = 2147483647;
			files = (
				50D7B07F196ED3E900A70A25 /* BMXKeyboardStatusTestTests.swift in Sources */,
			);
			runOnlyForDeploymentPostprocessing = 0;
		};
/* End PBXSourcesBuildPhase section */

/* Begin PBXTargetDependency section */
		50D7B07A196ED3E900A70A25 /* PBXTargetDependency */ = {
			isa = PBXTargetDependency;
			target = 50D7B062196ED3E800A70A25 /* BMXKeyboardStatusTest */;
			targetProxy = 50D7B079196ED3E900A70A25 /* PBXContainerItemProxy */;
		};
/* End PBXTargetDependency section */

/* Begin PBXVariantGroup section */
		50D7B06F196ED3E800A70A25 /* Main.storyboard */ = {
			isa = PBXVariantGroup;
			children = (
				50D7B070196ED3E800A70A25 /* Base */,
			);
			name = Main.storyboard;
			sourceTree = "<group>";
		};
/* End PBXVariantGroup section */

/* Begin XCBuildConfiguration section */
		50D7B080196ED3E900A70A25 /* Debug */ = {
			isa = XCBuildConfiguration;
			buildSettings = {
				ALWAYS_SEARCH_USER_PATHS = NO;
				CLANG_CXX_LANGUAGE_STANDARD = "gnu++0x";
				CLANG_CXX_LIBRARY = "libc++";
				CLANG_ENABLE_MODULES = YES;
				CLANG_ENABLE_OBJC_ARC = YES;
				CLANG_WARN_BOOL_CONVERSION = YES;
				CLANG_WARN_CONSTANT_CONVERSION = YES;
				CLANG_WARN_DIRECT_OBJC_ISA_USAGE = YES_ERROR;
				CLANG_WARN_EMPTY_BODY = YES;
				CLANG_WARN_ENUM_CONVERSION = YES;
				CLANG_WARN_INT_CONVERSION = YES;
				CLANG_WARN_OBJC_ROOT_CLASS = YES_ERROR;
				CLANG_WARN_UNREACHABLE_CODE = YES;
				CLANG_WARN__DUPLICATE_METHOD_MATCH = YES;
				"CODE_SIGN_IDENTITY[sdk=iphoneos*]" = "iPhone Developer";
				COPY_PHASE_STRIP = NO;
				ENABLE_STRICT_OBJC_MSGSEND = YES;
				ENABLE_TESTABILITY = YES;
				GCC_C_LANGUAGE_STANDARD = gnu99;
				GCC_DYNAMIC_NO_PIC = NO;
				GCC_OPTIMIZATION_LEVEL = 0;
				GCC_PREPROCESSOR_DEFINITIONS = (
					"DEBUG=1",
					"$(inherited)",
				);
				GCC_SYMBOLS_PRIVATE_EXTERN = NO;
				GCC_WARN_64_TO_32_BIT_CONVERSION = YES;
				GCC_WARN_ABOUT_RETURN_TYPE = YES_ERROR;
				GCC_WARN_UNDECLARED_SELECTOR = YES;
				GCC_WARN_UNINITIALIZED_AUTOS = YES_AGGRESSIVE;
				GCC_WARN_UNUSED_FUNCTION = YES;
				GCC_WARN_UNUSED_VARIABLE = YES;
				IPHONEOS_DEPLOYMENT_TARGET = 8.0;
				MTL_ENABLE_DEBUG_INFO = YES;
				ONLY_ACTIVE_ARCH = YES;
				SDKROOT = iphoneos;
				SWIFT_OPTIMIZATION_LEVEL = "-Onone";
			};
			name = Debug;
		};
		50D7B081196ED3E900A70A25 /* Release */ = {
			isa = XCBuildConfiguration;
			buildSettings = {
				ALWAYS_SEARCH_USER_PATHS = NO;
				CLANG_CXX_LANGUAGE_STANDARD = "gnu++0x";
				CLANG_CXX_LIBRARY = "libc++";
				CLANG_ENABLE_MODULES = YES;
				CLANG_ENABLE_OBJC_ARC = YES;
				CLANG_WARN_BOOL_CONVERSION = YES;
				CLANG_WARN_CONSTANT_CONVERSION = YES;
				CLANG_WARN_DIRECT_OBJC_ISA_USAGE = YES_ERROR;
				CLANG_WARN_EMPTY_BODY = YES;
				CLANG_WARN_ENUM_CONVERSION = YES;
				CLANG_WARN_INT_CONVERSION = YES;
				CLANG_WARN_OBJC_ROOT_CLASS = YES_ERROR;
				CLANG_WARN_UNREACHABLE_CODE = YES;
				CLANG_WARN__DUPLICATE_METHOD_MATCH = YES;
				"CODE_SIGN_IDENTITY[sdk=iphoneos*]" = "iPhone Developer";
				COPY_PHASE_STRIP = YES;
				ENABLE_NS_ASSERTIONS = NO;
				ENABLE_STRICT_OBJC_MSGSEND = YES;
				GCC_C_LANGUAGE_STANDARD = gnu99;
				GCC_WARN_64_TO_32_BIT_CONVERSION = YES;
				GCC_WARN_ABOUT_RETURN_TYPE = YES_ERROR;
				GCC_WARN_UNDECLARED_SELECTOR = YES;
				GCC_WARN_UNINITIALIZED_AUTOS = YES_AGGRESSIVE;
				GCC_WARN_UNUSED_FUNCTION = YES;
				GCC_WARN_UNUSED_VARIABLE = YES;
				IPHONEOS_DEPLOYMENT_TARGET = 8.0;
				MTL_ENABLE_DEBUG_INFO = NO;
				SDKROOT = iphoneos;
				VALIDATE_PRODUCT = YES;
			};
			name = Release;
		};
		50D7B083196ED3E900A70A25 /* Debug */ = {
			isa = XCBuildConfiguration;
			buildSettings = {
				ASSETCATALOG_COMPILER_APPICON_NAME = AppIcon;
				ASSETCATALOG_COMPILER_LAUNCHIMAGE_NAME = LaunchImage;
				FRAMEWORK_SEARCH_PATHS = (
					"$(inherited)",
					"/Users/max/Progetti.xc/Build/Debug-iphoneos",
				);
				INFOPLIST_FILE = BMXKeyboardStatusTest/Info.plist;
				LD_RUNPATH_SEARCH_PATHS = "$(inherited) @executable_path/Frameworks";
				PRODUCT_BUNDLE_IDENTIFIER = "it.bigatti.${PRODUCT_NAME:rfc1034identifier}";
				PRODUCT_NAME = "$(TARGET_NAME)";
			};
			name = Debug;
		};
		50D7B084196ED3E900A70A25 /* Release */ = {
			isa = XCBuildConfiguration;
			buildSettings = {
				ASSETCATALOG_COMPILER_APPICON_NAME = AppIcon;
				ASSETCATALOG_COMPILER_LAUNCHIMAGE_NAME = LaunchImage;
				FRAMEWORK_SEARCH_PATHS = (
					"$(inherited)",
					"/Users/max/Progetti.xc/Build/Debug-iphoneos",
				);
				INFOPLIST_FILE = BMXKeyboardStatusTest/Info.plist;
				LD_RUNPATH_SEARCH_PATHS = "$(inherited) @executable_path/Frameworks";
				PRODUCT_BUNDLE_IDENTIFIER = "it.bigatti.${PRODUCT_NAME:rfc1034identifier}";
				PRODUCT_NAME = "$(TARGET_NAME)";
			};
			name = Release;
		};
		50D7B086196ED3E900A70A25 /* Debug */ = {
			isa = XCBuildConfiguration;
			buildSettings = {
				BUNDLE_LOADER = "$(BUILT_PRODUCTS_DIR)/BMXKeyboardStatusTest.app/BMXKeyboardStatusTest";
				FRAMEWORK_SEARCH_PATHS = (
					"$(SDKROOT)/Developer/Library/Frameworks",
					"$(inherited)",
				);
				GCC_PREPROCESSOR_DEFINITIONS = (
					"DEBUG=1",
					"$(inherited)",
				);
				INFOPLIST_FILE = BMXKeyboardStatusTestTests/Info.plist;
				LD_RUNPATH_SEARCH_PATHS = "$(inherited) @executable_path/Frameworks @loader_path/Frameworks";
				PRODUCT_BUNDLE_IDENTIFIER = "it.bigatti.${PRODUCT_NAME:rfc1034identifier}";
				PRODUCT_NAME = "$(TARGET_NAME)";
				TEST_HOST = "$(BUNDLE_LOADER)";
			};
			name = Debug;
		};
		50D7B087196ED3E900A70A25 /* Release */ = {
			isa = XCBuildConfiguration;
			buildSettings = {
				BUNDLE_LOADER = "$(BUILT_PRODUCTS_DIR)/BMXKeyboardStatusTest.app/BMXKeyboardStatusTest";
				FRAMEWORK_SEARCH_PATHS = (
					"$(SDKROOT)/Developer/Library/Frameworks",
					"$(inherited)",
				);
				INFOPLIST_FILE = BMXKeyboardStatusTestTests/Info.plist;
				LD_RUNPATH_SEARCH_PATHS = "$(inherited) @executable_path/Frameworks @loader_path/Frameworks";
				PRODUCT_BUNDLE_IDENTIFIER = "it.bigatti.${PRODUCT_NAME:rfc1034identifier}";
				PRODUCT_NAME = "$(TARGET_NAME)";
				TEST_HOST = "$(BUNDLE_LOADER)";
			};
			name = Release;
		};
/* End XCBuildConfiguration section */

/* Begin XCConfigurationList section */
		50D7B05E196ED3E800A70A25 /* Build configuration list for PBXProject "BMXKeyboardStatusTest" */ = {
			isa = XCConfigurationList;
			buildConfigurations = (
				50D7B080196ED3E900A70A25 /* Debug */,
				50D7B081196ED3E900A70A25 /* Release */,
			);
			defaultConfigurationIsVisible = 0;
			defaultConfigurationName = Release;
		};
		50D7B082196ED3E900A70A25 /* Build configuration list for PBXNativeTarget "BMXKeyboardStatusTest" */ = {
			isa = XCConfigurationList;
			buildConfigurations = (
				50D7B083196ED3E900A70A25 /* Debug */,
				50D7B084196ED3E900A70A25 /* Release */,
			);
			defaultConfigurationIsVisible = 0;
			defaultConfigurationName = Release;
		};
		50D7B085196ED3E900A70A25 /* Build configuration list for PBXNativeTarget "BMXKeyboardStatusTestTests" */ = {
			isa = XCConfigurationList;
			buildConfigurations = (
				50D7B086196ED3E900A70A25 /* Debug */,
				50D7B087196ED3E900A70A25 /* Release */,
			);
			defaultConfigurationIsVisible = 0;
			defaultConfigurationName = Release;
		};
/* End XCConfigurationList section */
	};
	rootObject = 50D7B05B196ED3E800A70A25 /* Project object */;
}
